// !$*UTF8*$!
{
	archiveVersion = 1;
	classes = {
	};
	objectVersion = 51;
	objects = {

/* Begin PBXBuildFile section */
		212EF77653C09D4214C35D54 /* Pods_Orama.framework in Frameworks */ = {isa = PBXBuildFile; fileRef = 410A4E0040ACB13B3E848C63 /* Pods_Orama.framework */; };
		2D77297E6F96B55F55912A64 /* Pods_OramaTests.framework in Frameworks */ = {isa = PBXBuildFile; fileRef = D8F7C9392B3B1F0A6659E3CD /* Pods_OramaTests.framework */; };
		3961DB1F23161F88007D65A1 /* OramaApi.swift in Sources */ = {isa = PBXBuildFile; fileRef = 3961DB1E23161F88007D65A1 /* OramaApi.swift */; };
		7F2EE79523177244007374A6 /* FundInvestmentCollectionViewCell.swift in Sources */ = {isa = PBXBuildFile; fileRef = 7F2EE79423177244007374A6 /* FundInvestmentCollectionViewCell.swift */; };
		7F2EE79E23187CF8007374A6 /* FundInvestmentModel.swift in Sources */ = {isa = PBXBuildFile; fileRef = 7F2EE79D23187CF8007374A6 /* FundInvestmentModel.swift */; };
		7F2EE7A0231A1F9E007374A6 /* InvestmentDetailViewController.swift in Sources */ = {isa = PBXBuildFile; fileRef = 7F2EE79F231A1F9E007374A6 /* InvestmentDetailViewController.swift */; };
		7F2EE7A4231B9387007374A6 /* ImageManager.swift in Sources */ = {isa = PBXBuildFile; fileRef = 7F2EE7A3231B9386007374A6 /* ImageManager.swift */; };
		7F949B2E2314C58E002F0288 /* AppDelegate.swift in Sources */ = {isa = PBXBuildFile; fileRef = 7F949B2D2314C58E002F0288 /* AppDelegate.swift */; };
		7F949B382314C58F002F0288 /* Assets.xcassets in Resources */ = {isa = PBXBuildFile; fileRef = 7F949B372314C58F002F0288 /* Assets.xcassets */; };
		7F949B3B2314C58F002F0288 /* LaunchScreen.storyboard in Resources */ = {isa = PBXBuildFile; fileRef = 7F949B392314C58F002F0288 /* LaunchScreen.storyboard */; };
		7F949B462314C58F002F0288 /* OramaTests.swift in Sources */ = {isa = PBXBuildFile; fileRef = 7F949B452314C58F002F0288 /* OramaTests.swift */; };
		7F949B512314C58F002F0288 /* OramaUITests.swift in Sources */ = {isa = PBXBuildFile; fileRef = 7F949B502314C58F002F0288 /* OramaUITests.swift */; };
		7F9E9042231D6E3400D7F30F /* UserDefaultsManager.swift in Sources */ = {isa = PBXBuildFile; fileRef = 7F9E9041231D6E3400D7F30F /* UserDefaultsManager.swift */; };
		7F9E9046231F469400D7F30F /* HistoryView.swift in Sources */ = {isa = PBXBuildFile; fileRef = 7F9E9045231F469400D7F30F /* HistoryView.swift */; };
		7F9E9048231F472300D7F30F /* HistoryTableDataSource.swift in Sources */ = {isa = PBXBuildFile; fileRef = 7F9E9047231F472300D7F30F /* HistoryTableDataSource.swift */; };
		7F9E904A231F48A300D7F30F /* HistoryTableViewCell.swift in Sources */ = {isa = PBXBuildFile; fileRef = 7F9E9049231F48A300D7F30F /* HistoryTableViewCell.swift */; };
		7F9E904F2320BFAF00D7F30F /* Config.swift in Sources */ = {isa = PBXBuildFile; fileRef = 7F9E904E2320BFAE00D7F30F /* Config.swift */; };
		7FEC174B2316FCDA00BEB663 /* TabBarViewController.swift in Sources */ = {isa = PBXBuildFile; fileRef = 7FEC174A2316FCDA00BEB663 /* TabBarViewController.swift */; };
		7FEC174D2317018D00BEB663 /* FundInvestmentsViewController.swift in Sources */ = {isa = PBXBuildFile; fileRef = 7FEC174C2317018D00BEB663 /* FundInvestmentsViewController.swift */; };
		7FEC174F231701A000BEB663 /* HistoryViewController.swift in Sources */ = {isa = PBXBuildFile; fileRef = 7FEC174E231701A000BEB663 /* HistoryViewController.swift */; };
		7FEC17512317049600BEB663 /* CodeView.swift in Sources */ = {isa = PBXBuildFile; fileRef = 7FEC17502317049600BEB663 /* CodeView.swift */; };
		7FEC17532317259C00BEB663 /* investimentos.json in Resources */ = {isa = PBXBuildFile; fileRef = 7FEC17522317259C00BEB663 /* investimentos.json */; };
		916C7A7772E1CDFE026F277B /* Pods_OramaUITests.framework in Frameworks */ = {isa = PBXBuildFile; fileRef = D1C586E25329050F38089169 /* Pods_OramaUITests.framework */; };
/* End PBXBuildFile section */

/* Begin PBXContainerItemProxy section */
		7F949B422314C58F002F0288 /* PBXContainerItemProxy */ = {
			isa = PBXContainerItemProxy;
			containerPortal = 7F949B222314C58E002F0288 /* Project object */;
			proxyType = 1;
			remoteGlobalIDString = 7F949B292314C58E002F0288;
			remoteInfo = Orama;
		};
		7F949B4D2314C58F002F0288 /* PBXContainerItemProxy */ = {
			isa = PBXContainerItemProxy;
			containerPortal = 7F949B222314C58E002F0288 /* Project object */;
			proxyType = 1;
			remoteGlobalIDString = 7F949B292314C58E002F0288;
			remoteInfo = Orama;
		};
/* End PBXContainerItemProxy section */

/* Begin PBXFileReference section */
		3400E7EF19EE59216E1EDF77 /* Pods-OramaUITests.debug.xcconfig */ = {isa = PBXFileReference; includeInIndex = 1; lastKnownFileType = text.xcconfig; name = "Pods-OramaUITests.debug.xcconfig"; path = "Target Support Files/Pods-OramaUITests/Pods-OramaUITests.debug.xcconfig"; sourceTree = "<group>"; };
		3961DB1E23161F88007D65A1 /* OramaApi.swift */ = {isa = PBXFileReference; lastKnownFileType = sourcecode.swift; name = OramaApi.swift; path = ../OramaApi.swift; sourceTree = "<group>"; };
		410A4E0040ACB13B3E848C63 /* Pods_Orama.framework */ = {isa = PBXFileReference; explicitFileType = wrapper.framework; includeInIndex = 0; path = Pods_Orama.framework; sourceTree = BUILT_PRODUCTS_DIR; };
		5A925EEC5359216E890557BE /* Pods-Orama.release.xcconfig */ = {isa = PBXFileReference; includeInIndex = 1; lastKnownFileType = text.xcconfig; name = "Pods-Orama.release.xcconfig"; path = "Target Support Files/Pods-Orama/Pods-Orama.release.xcconfig"; sourceTree = "<group>"; };
		7F2EE79423177244007374A6 /* FundInvestmentCollectionViewCell.swift */ = {isa = PBXFileReference; lastKnownFileType = sourcecode.swift; path = FundInvestmentCollectionViewCell.swift; sourceTree = "<group>"; };
		7F2EE79D23187CF8007374A6 /* FundInvestmentModel.swift */ = {isa = PBXFileReference; lastKnownFileType = sourcecode.swift; path = FundInvestmentModel.swift; sourceTree = "<group>"; };
		7F2EE79F231A1F9E007374A6 /* InvestmentDetailViewController.swift */ = {isa = PBXFileReference; lastKnownFileType = sourcecode.swift; path = InvestmentDetailViewController.swift; sourceTree = "<group>"; };
		7F2EE7A3231B9386007374A6 /* ImageManager.swift */ = {isa = PBXFileReference; lastKnownFileType = sourcecode.swift; path = ImageManager.swift; sourceTree = "<group>"; };
		7F949B2A2314C58E002F0288 /* Orama.app */ = {isa = PBXFileReference; explicitFileType = wrapper.application; includeInIndex = 0; path = Orama.app; sourceTree = BUILT_PRODUCTS_DIR; };
		7F949B2D2314C58E002F0288 /* AppDelegate.swift */ = {isa = PBXFileReference; lastKnownFileType = sourcecode.swift; path = AppDelegate.swift; sourceTree = "<group>"; };
		7F949B372314C58F002F0288 /* Assets.xcassets */ = {isa = PBXFileReference; lastKnownFileType = folder.assetcatalog; path = Assets.xcassets; sourceTree = "<group>"; };
		7F949B3A2314C58F002F0288 /* Base */ = {isa = PBXFileReference; lastKnownFileType = file.storyboard; name = Base; path = Base.lproj/LaunchScreen.storyboard; sourceTree = "<group>"; };
		7F949B3C2314C58F002F0288 /* Info.plist */ = {isa = PBXFileReference; lastKnownFileType = text.plist.xml; path = Info.plist; sourceTree = "<group>"; };
		7F949B412314C58F002F0288 /* OramaTests.xctest */ = {isa = PBXFileReference; explicitFileType = wrapper.cfbundle; includeInIndex = 0; path = OramaTests.xctest; sourceTree = BUILT_PRODUCTS_DIR; };
		7F949B452314C58F002F0288 /* OramaTests.swift */ = {isa = PBXFileReference; lastKnownFileType = sourcecode.swift; path = OramaTests.swift; sourceTree = "<group>"; };
		7F949B472314C58F002F0288 /* Info.plist */ = {isa = PBXFileReference; lastKnownFileType = text.plist.xml; path = Info.plist; sourceTree = "<group>"; };
		7F949B4C2314C58F002F0288 /* OramaUITests.xctest */ = {isa = PBXFileReference; explicitFileType = wrapper.cfbundle; includeInIndex = 0; path = OramaUITests.xctest; sourceTree = BUILT_PRODUCTS_DIR; };
		7F949B502314C58F002F0288 /* OramaUITests.swift */ = {isa = PBXFileReference; lastKnownFileType = sourcecode.swift; path = OramaUITests.swift; sourceTree = "<group>"; };
		7F949B522314C58F002F0288 /* Info.plist */ = {isa = PBXFileReference; lastKnownFileType = text.plist.xml; path = Info.plist; sourceTree = "<group>"; };
		7F9E9041231D6E3400D7F30F /* UserDefaultsManager.swift */ = {isa = PBXFileReference; lastKnownFileType = sourcecode.swift; path = UserDefaultsManager.swift; sourceTree = "<group>"; };
		7F9E9045231F469400D7F30F /* HistoryView.swift */ = {isa = PBXFileReference; lastKnownFileType = sourcecode.swift; path = HistoryView.swift; sourceTree = "<group>"; };
		7F9E9047231F472300D7F30F /* HistoryTableDataSource.swift */ = {isa = PBXFileReference; lastKnownFileType = sourcecode.swift; path = HistoryTableDataSource.swift; sourceTree = "<group>"; };
		7F9E9049231F48A300D7F30F /* HistoryTableViewCell.swift */ = {isa = PBXFileReference; lastKnownFileType = sourcecode.swift; path = HistoryTableViewCell.swift; sourceTree = "<group>"; };
		7F9E904E2320BFAE00D7F30F /* Config.swift */ = {isa = PBXFileReference; lastKnownFileType = sourcecode.swift; path = Config.swift; sourceTree = "<group>"; };
		7FEC174A2316FCDA00BEB663 /* TabBarViewController.swift */ = {isa = PBXFileReference; lastKnownFileType = sourcecode.swift; path = TabBarViewController.swift; sourceTree = "<group>"; };
		7FEC174C2317018D00BEB663 /* FundInvestmentsViewController.swift */ = {isa = PBXFileReference; lastKnownFileType = sourcecode.swift; path = FundInvestmentsViewController.swift; sourceTree = "<group>"; };
		7FEC174E231701A000BEB663 /* HistoryViewController.swift */ = {isa = PBXFileReference; lastKnownFileType = sourcecode.swift; path = HistoryViewController.swift; sourceTree = "<group>"; };
		7FEC17502317049600BEB663 /* CodeView.swift */ = {isa = PBXFileReference; lastKnownFileType = sourcecode.swift; path = CodeView.swift; sourceTree = "<group>"; };
		7FEC17522317259C00BEB663 /* investimentos.json */ = {isa = PBXFileReference; lastKnownFileType = text.json; path = investimentos.json; sourceTree = "<group>"; };
		93A89E534AC078690A7F0591 /* Pods-OramaUITests.release.xcconfig */ = {isa = PBXFileReference; includeInIndex = 1; lastKnownFileType = text.xcconfig; name = "Pods-OramaUITests.release.xcconfig"; path = "Target Support Files/Pods-OramaUITests/Pods-OramaUITests.release.xcconfig"; sourceTree = "<group>"; };
		A3A3C62075431053B2B193C6 /* Pods-Orama.debug.xcconfig */ = {isa = PBXFileReference; includeInIndex = 1; lastKnownFileType = text.xcconfig; name = "Pods-Orama.debug.xcconfig"; path = "Target Support Files/Pods-Orama/Pods-Orama.debug.xcconfig"; sourceTree = "<group>"; };
		D1C586E25329050F38089169 /* Pods_OramaUITests.framework */ = {isa = PBXFileReference; explicitFileType = wrapper.framework; includeInIndex = 0; path = Pods_OramaUITests.framework; sourceTree = BUILT_PRODUCTS_DIR; };
		D8F7C9392B3B1F0A6659E3CD /* Pods_OramaTests.framework */ = {isa = PBXFileReference; explicitFileType = wrapper.framework; includeInIndex = 0; path = Pods_OramaTests.framework; sourceTree = BUILT_PRODUCTS_DIR; };
		F1AFA70267441F5B879865F1 /* Pods-OramaTests.release.xcconfig */ = {isa = PBXFileReference; includeInIndex = 1; lastKnownFileType = text.xcconfig; name = "Pods-OramaTests.release.xcconfig"; path = "Target Support Files/Pods-OramaTests/Pods-OramaTests.release.xcconfig"; sourceTree = "<group>"; };
		F6D489209424954D86F60F2C /* Pods-OramaTests.debug.xcconfig */ = {isa = PBXFileReference; includeInIndex = 1; lastKnownFileType = text.xcconfig; name = "Pods-OramaTests.debug.xcconfig"; path = "Target Support Files/Pods-OramaTests/Pods-OramaTests.debug.xcconfig"; sourceTree = "<group>"; };
/* End PBXFileReference section */

/* Begin PBXFrameworksBuildPhase section */
		7F949B272314C58E002F0288 /* Frameworks */ = {
			isa = PBXFrameworksBuildPhase;
			buildActionMask = 2147483647;
			files = (
				212EF77653C09D4214C35D54 /* Pods_Orama.framework in Frameworks */,
			);
			runOnlyForDeploymentPostprocessing = 0;
		};
		7F949B3E2314C58F002F0288 /* Frameworks */ = {
			isa = PBXFrameworksBuildPhase;
			buildActionMask = 2147483647;
			files = (
				2D77297E6F96B55F55912A64 /* Pods_OramaTests.framework in Frameworks */,
			);
			runOnlyForDeploymentPostprocessing = 0;
		};
		7F949B492314C58F002F0288 /* Frameworks */ = {
			isa = PBXFrameworksBuildPhase;
			buildActionMask = 2147483647;
			files = (
				916C7A7772E1CDFE026F277B /* Pods_OramaUITests.framework in Frameworks */,
			);
			runOnlyForDeploymentPostprocessing = 0;
		};
/* End PBXFrameworksBuildPhase section */

/* Begin PBXGroup section */
		7F2EE790231762A2007374A6 /* TabBar */ = {
			isa = PBXGroup;
			children = (
				7FEC174A2316FCDA00BEB663 /* TabBarViewController.swift */,
			);
			path = TabBar;
			sourceTree = "<group>";
		};
		7F2EE791231762DC007374A6 /* Config */ = {
			isa = PBXGroup;
			children = (
				7F9E904E2320BFAE00D7F30F /* Config.swift */,
			);
			path = Config;
			sourceTree = "<group>";
		};
		7F2EE7962318761B007374A6 /* FundInvestment */ = {
			isa = PBXGroup;
			children = (
				7F2EE7A6231CA8E5007374A6 /* Details */,
				7F2EE7A5231CA8D8007374A6 /* List */,
			);
			path = FundInvestment;
			sourceTree = "<group>";
		};
		7F2EE7972318765D007374A6 /* Application */ = {
			isa = PBXGroup;
			children = (
				7F949B2D2314C58E002F0288 /* AppDelegate.swift */,
			);
			path = Application;
			sourceTree = "<group>";
		};
		7F2EE79823187696007374A6 /* Models */ = {
			isa = PBXGroup;
			children = (
				7F2EE79D23187CF8007374A6 /* FundInvestmentModel.swift */,
			);
			path = Models;
			sourceTree = "<group>";
		};
		7F2EE799231876C8007374A6 /* Resources */ = {
			isa = PBXGroup;
			children = (
				7F949B372314C58F002F0288 /* Assets.xcassets */,
			);
			path = Resources;
			sourceTree = "<group>";
		};
		7F2EE79A231876E6007374A6 /* Components */ = {
			isa = PBXGroup;
			children = (
				7F2EE79B231877A5007374A6 /* History */,
				7F2EE790231762A2007374A6 /* TabBar */,
				7F2EE7962318761B007374A6 /* FundInvestment */,
			);
			path = Components;
			sourceTree = "<group>";
		};
		7F2EE79B231877A5007374A6 /* History */ = {
			isa = PBXGroup;
			children = (
				7FEC174E231701A000BEB663 /* HistoryViewController.swift */,
				7F9E9045231F469400D7F30F /* HistoryView.swift */,
				7F9E9047231F472300D7F30F /* HistoryTableDataSource.swift */,
				7F9E9049231F48A300D7F30F /* HistoryTableViewCell.swift */,
			);
			path = History;
			sourceTree = "<group>";
		};
		7F2EE79C2318780A007374A6 /* Protocols */ = {
			isa = PBXGroup;
			children = (
				7FEC17502317049600BEB663 /* CodeView.swift */,
			);
			path = Protocols;
			sourceTree = "<group>";
		};
		7F2EE7A2231B935E007374A6 /* Common */ = {
			isa = PBXGroup;
			children = (
				7F2EE7A3231B9386007374A6 /* ImageManager.swift */,
				7F9E9041231D6E3400D7F30F /* UserDefaultsManager.swift */,
				3961DB1E23161F88007D65A1 /* OramaApi.swift */,
			);
			path = Common;
			sourceTree = "<group>";
		};
		7F2EE7A5231CA8D8007374A6 /* List */ = {
			isa = PBXGroup;
			children = (
				7F2EE79423177244007374A6 /* FundInvestmentCollectionViewCell.swift */,
				7FEC174C2317018D00BEB663 /* FundInvestmentsViewController.swift */,
			);
			path = List;
			sourceTree = "<group>";
		};
		7F2EE7A6231CA8E5007374A6 /* Details */ = {
			isa = PBXGroup;
			children = (
				7F2EE79F231A1F9E007374A6 /* InvestmentDetailViewController.swift */,
			);
			path = Details;
			sourceTree = "<group>";
		};
		7F949B212314C58E002F0288 = {
			isa = PBXGroup;
			children = (
				7F949B2C2314C58E002F0288 /* Orama */,
				7F949B442314C58F002F0288 /* OramaTests */,
				7F949B4F2314C58F002F0288 /* OramaUITests */,
				7F949B2B2314C58E002F0288 /* Products */,
				FF9B9ADE5EFABD9B54921EF7 /* Pods */,
				9C97B337755538FE3C5789FE /* Frameworks */,
			);
			sourceTree = "<group>";
		};
		7F949B2B2314C58E002F0288 /* Products */ = {
			isa = PBXGroup;
			children = (
				7F949B2A2314C58E002F0288 /* Orama.app */,
				7F949B412314C58F002F0288 /* OramaTests.xctest */,
				7F949B4C2314C58F002F0288 /* OramaUITests.xctest */,
			);
			name = Products;
			sourceTree = "<group>";
		};
		7F949B2C2314C58E002F0288 /* Orama */ = {
			isa = PBXGroup;
			children = (
				7F2EE7A2231B935E007374A6 /* Common */,
				7F2EE79C2318780A007374A6 /* Protocols */,
				7F2EE79A231876E6007374A6 /* Components */,
				7F2EE799231876C8007374A6 /* Resources */,
				7F2EE79823187696007374A6 /* Models */,
				7F2EE7972318765D007374A6 /* Application */,
				7F2EE791231762DC007374A6 /* Config */,
				7F949B392314C58F002F0288 /* LaunchScreen.storyboard */,
				7F949B3C2314C58F002F0288 /* Info.plist */,
				7FEC17522317259C00BEB663 /* investimentos.json */,
			);
			path = Orama;
			sourceTree = "<group>";
		};
		7F949B442314C58F002F0288 /* OramaTests */ = {
			isa = PBXGroup;
			children = (
				7F949B452314C58F002F0288 /* OramaTests.swift */,
				7F949B472314C58F002F0288 /* Info.plist */,
			);
			path = OramaTests;
			sourceTree = "<group>";
		};
		7F949B4F2314C58F002F0288 /* OramaUITests */ = {
			isa = PBXGroup;
			children = (
				7F949B502314C58F002F0288 /* OramaUITests.swift */,
				7F949B522314C58F002F0288 /* Info.plist */,
			);
			path = OramaUITests;
			sourceTree = "<group>";
		};
		9C97B337755538FE3C5789FE /* Frameworks */ = {
			isa = PBXGroup;
			children = (
				410A4E0040ACB13B3E848C63 /* Pods_Orama.framework */,
				D8F7C9392B3B1F0A6659E3CD /* Pods_OramaTests.framework */,
				D1C586E25329050F38089169 /* Pods_OramaUITests.framework */,
			);
			name = Frameworks;
			sourceTree = "<group>";
		};
		FF9B9ADE5EFABD9B54921EF7 /* Pods */ = {
			isa = PBXGroup;
			children = (
				A3A3C62075431053B2B193C6 /* Pods-Orama.debug.xcconfig */,
				5A925EEC5359216E890557BE /* Pods-Orama.release.xcconfig */,
				F6D489209424954D86F60F2C /* Pods-OramaTests.debug.xcconfig */,
				F1AFA70267441F5B879865F1 /* Pods-OramaTests.release.xcconfig */,
				3400E7EF19EE59216E1EDF77 /* Pods-OramaUITests.debug.xcconfig */,
				93A89E534AC078690A7F0591 /* Pods-OramaUITests.release.xcconfig */,
			);
			path = Pods;
			sourceTree = "<group>";
		};
/* End PBXGroup section */

/* Begin PBXNativeTarget section */
		7F949B292314C58E002F0288 /* Orama */ = {
			isa = PBXNativeTarget;
			buildConfigurationList = 7F949B552314C58F002F0288 /* Build configuration list for PBXNativeTarget "Orama" */;
			buildPhases = (
				56A791F5EBA7F4D8F4C48B1F /* [CP] Check Pods Manifest.lock */,
				7F949B262314C58E002F0288 /* Sources */,
				7F949B272314C58E002F0288 /* Frameworks */,
				7F949B282314C58E002F0288 /* Resources */,
				86CED59F6AD0417931853E33 /* [CP] Embed Pods Frameworks */,
			);
			buildRules = (
			);
			dependencies = (
			);
			name = Orama;
			productName = Orama;
			productReference = 7F949B2A2314C58E002F0288 /* Orama.app */;
			productType = "com.apple.product-type.application";
		};
		7F949B402314C58F002F0288 /* OramaTests */ = {
			isa = PBXNativeTarget;
			buildConfigurationList = 7F949B582314C58F002F0288 /* Build configuration list for PBXNativeTarget "OramaTests" */;
			buildPhases = (
				9946DBC333901F99DA095EA8 /* [CP] Check Pods Manifest.lock */,
				7F949B3D2314C58F002F0288 /* Sources */,
				7F949B3E2314C58F002F0288 /* Frameworks */,
				7F949B3F2314C58F002F0288 /* Resources */,
			);
			buildRules = (
			);
			dependencies = (
				7F949B432314C58F002F0288 /* PBXTargetDependency */,
			);
			name = OramaTests;
			productName = OramaTests;
			productReference = 7F949B412314C58F002F0288 /* OramaTests.xctest */;
			productType = "com.apple.product-type.bundle.unit-test";
		};
		7F949B4B2314C58F002F0288 /* OramaUITests */ = {
			isa = PBXNativeTarget;
			buildConfigurationList = 7F949B5B2314C58F002F0288 /* Build configuration list for PBXNativeTarget "OramaUITests" */;
			buildPhases = (
				DAA4C2780CA57F9B8B2A9902 /* [CP] Check Pods Manifest.lock */,
				7F949B482314C58F002F0288 /* Sources */,
				7F949B492314C58F002F0288 /* Frameworks */,
				7F949B4A2314C58F002F0288 /* Resources */,
			);
			buildRules = (
			);
			dependencies = (
				7F949B4E2314C58F002F0288 /* PBXTargetDependency */,
			);
			name = OramaUITests;
			productName = OramaUITests;
			productReference = 7F949B4C2314C58F002F0288 /* OramaUITests.xctest */;
			productType = "com.apple.product-type.bundle.ui-testing";
		};
/* End PBXNativeTarget section */

/* Begin PBXProject section */
		7F949B222314C58E002F0288 /* Project object */ = {
			isa = PBXProject;
			attributes = {
				LastSwiftUpdateCheck = 1020;
				LastUpgradeCheck = 1020;
				ORGANIZATIONNAME = gustavo.cosenza;
				TargetAttributes = {
					7F949B292314C58E002F0288 = {
						CreatedOnToolsVersion = 10.2.1;
					};
					7F949B402314C58F002F0288 = {
						CreatedOnToolsVersion = 10.2.1;
						TestTargetID = 7F949B292314C58E002F0288;
					};
					7F949B4B2314C58F002F0288 = {
						CreatedOnToolsVersion = 10.2.1;
						TestTargetID = 7F949B292314C58E002F0288;
					};
				};
			};
			buildConfigurationList = 7F949B252314C58E002F0288 /* Build configuration list for PBXProject "Orama" */;
			compatibilityVersion = "Xcode 9.3";
			developmentRegion = en;
			hasScannedForEncodings = 0;
			knownRegions = (
				en,
				Base,
			);
			mainGroup = 7F949B212314C58E002F0288;
			productRefGroup = 7F949B2B2314C58E002F0288 /* Products */;
			projectDirPath = "";
			projectRoot = "";
			targets = (
				7F949B292314C58E002F0288 /* Orama */,
				7F949B402314C58F002F0288 /* OramaTests */,
				7F949B4B2314C58F002F0288 /* OramaUITests */,
			);
		};
/* End PBXProject section */

/* Begin PBXResourcesBuildPhase section */
		7F949B282314C58E002F0288 /* Resources */ = {
			isa = PBXResourcesBuildPhase;
			buildActionMask = 2147483647;
			files = (
				7F949B3B2314C58F002F0288 /* LaunchScreen.storyboard in Resources */,
				7FEC17532317259C00BEB663 /* investimentos.json in Resources */,
				7F949B382314C58F002F0288 /* Assets.xcassets in Resources */,
			);
			runOnlyForDeploymentPostprocessing = 0;
		};
		7F949B3F2314C58F002F0288 /* Resources */ = {
			isa = PBXResourcesBuildPhase;
			buildActionMask = 2147483647;
			files = (
			);
			runOnlyForDeploymentPostprocessing = 0;
		};
		7F949B4A2314C58F002F0288 /* Resources */ = {
			isa = PBXResourcesBuildPhase;
			buildActionMask = 2147483647;
			files = (
			);
			runOnlyForDeploymentPostprocessing = 0;
		};
/* End PBXResourcesBuildPhase section */

/* Begin PBXShellScriptBuildPhase section */
		56A791F5EBA7F4D8F4C48B1F /* [CP] Check Pods Manifest.lock */ = {
			isa = PBXShellScriptBuildPhase;
			buildActionMask = 2147483647;
			files = (
			);
			inputFileListPaths = (
			);
			inputPaths = (
				"${PODS_PODFILE_DIR_PATH}/Podfile.lock",
				"${PODS_ROOT}/Manifest.lock",
			);
			name = "[CP] Check Pods Manifest.lock";
			outputFileListPaths = (
			);
			outputPaths = (
				"$(DERIVED_FILE_DIR)/Pods-Orama-checkManifestLockResult.txt",
			);
			runOnlyForDeploymentPostprocessing = 0;
			shellPath = /bin/sh;
			shellScript = "diff \"${PODS_PODFILE_DIR_PATH}/Podfile.lock\" \"${PODS_ROOT}/Manifest.lock\" > /dev/null\nif [ $? != 0 ] ; then\n    # print error to STDERR\n    echo \"error: The sandbox is not in sync with the Podfile.lock. Run 'pod install' or update your CocoaPods installation.\" >&2\n    exit 1\nfi\n# This output is used by Xcode 'outputs' to avoid re-running this script phase.\necho \"SUCCESS\" > \"${SCRIPT_OUTPUT_FILE_0}\"\n";
			showEnvVarsInLog = 0;
		};
		86CED59F6AD0417931853E33 /* [CP] Embed Pods Frameworks */ = {
			isa = PBXShellScriptBuildPhase;
			buildActionMask = 2147483647;
			files = (
			);
			inputFileListPaths = (
				"${PODS_ROOT}/Target Support Files/Pods-Orama/Pods-Orama-frameworks-${CONFIGURATION}-input-files.xcfilelist",
			);
			name = "[CP] Embed Pods Frameworks";
			outputFileListPaths = (
				"${PODS_ROOT}/Target Support Files/Pods-Orama/Pods-Orama-frameworks-${CONFIGURATION}-output-files.xcfilelist",
			);
			runOnlyForDeploymentPostprocessing = 0;
			shellPath = /bin/sh;
			shellScript = "\"${PODS_ROOT}/Target Support Files/Pods-Orama/Pods-Orama-frameworks.sh\"\n";
			showEnvVarsInLog = 0;
		};
		9946DBC333901F99DA095EA8 /* [CP] Check Pods Manifest.lock */ = {
			isa = PBXShellScriptBuildPhase;
			buildActionMask = 2147483647;
			files = (
			);
			inputFileListPaths = (
			);
			inputPaths = (
				"${PODS_PODFILE_DIR_PATH}/Podfile.lock",
				"${PODS_ROOT}/Manifest.lock",
			);
			name = "[CP] Check Pods Manifest.lock";
			outputFileListPaths = (
			);
			outputPaths = (
				"$(DERIVED_FILE_DIR)/Pods-OramaTests-checkManifestLockResult.txt",
			);
			runOnlyForDeploymentPostprocessing = 0;
			shellPath = /bin/sh;
			shellScript = "diff \"${PODS_PODFILE_DIR_PATH}/Podfile.lock\" \"${PODS_ROOT}/Manifest.lock\" > /dev/null\nif [ $? != 0 ] ; then\n    # print error to STDERR\n    echo \"error: The sandbox is not in sync with the Podfile.lock. Run 'pod install' or update your CocoaPods installation.\" >&2\n    exit 1\nfi\n# This output is used by Xcode 'outputs' to avoid re-running this script phase.\necho \"SUCCESS\" > \"${SCRIPT_OUTPUT_FILE_0}\"\n";
			showEnvVarsInLog = 0;
		};
		DAA4C2780CA57F9B8B2A9902 /* [CP] Check Pods Manifest.lock */ = {
			isa = PBXShellScriptBuildPhase;
			buildActionMask = 2147483647;
			files = (
			);
			inputFileListPaths = (
			);
			inputPaths = (
				"${PODS_PODFILE_DIR_PATH}/Podfile.lock",
				"${PODS_ROOT}/Manifest.lock",
			);
			name = "[CP] Check Pods Manifest.lock";
			outputFileListPaths = (
			);
			outputPaths = (
				"$(DERIVED_FILE_DIR)/Pods-OramaUITests-checkManifestLockResult.txt",
			);
			runOnlyForDeploymentPostprocessing = 0;
			shellPath = /bin/sh;
			shellScript = "diff \"${PODS_PODFILE_DIR_PATH}/Podfile.lock\" \"${PODS_ROOT}/Manifest.lock\" > /dev/null\nif [ $? != 0 ] ; then\n    # print error to STDERR\n    echo \"error: The sandbox is not in sync with the Podfile.lock. Run 'pod install' or update your CocoaPods installation.\" >&2\n    exit 1\nfi\n# This output is used by Xcode 'outputs' to avoid re-running this script phase.\necho \"SUCCESS\" > \"${SCRIPT_OUTPUT_FILE_0}\"\n";
			showEnvVarsInLog = 0;
		};
/* End PBXShellScriptBuildPhase section */

/* Begin PBXSourcesBuildPhase section */
		7F949B262314C58E002F0288 /* Sources */ = {
			isa = PBXSourcesBuildPhase;
			buildActionMask = 2147483647;
			files = (
				7FEC174D2317018D00BEB663 /* FundInvestmentsViewController.swift in Sources */,
				7F949B2E2314C58E002F0288 /* AppDelegate.swift in Sources */,
				7F9E904F2320BFAF00D7F30F /* Config.swift in Sources */,
				7F9E9042231D6E3400D7F30F /* UserDefaultsManager.swift in Sources */,
				7F9E9046231F469400D7F30F /* HistoryView.swift in Sources */,
				7FEC174B2316FCDA00BEB663 /* TabBarViewController.swift in Sources */,
				7F9E9048231F472300D7F30F /* HistoryTableDataSource.swift in Sources */,
				3961DB1F23161F88007D65A1 /* OramaApi.swift in Sources */,
				7FEC174F231701A000BEB663 /* HistoryViewController.swift in Sources */,
				7F9E904A231F48A300D7F30F /* HistoryTableViewCell.swift in Sources */,
				7F2EE79523177244007374A6 /* FundInvestmentCollectionViewCell.swift in Sources */,
				7FEC17512317049600BEB663 /* CodeView.swift in Sources */,
				7F2EE7A0231A1F9E007374A6 /* InvestmentDetailViewController.swift in Sources */,
				7F2EE7A4231B9387007374A6 /* ImageManager.swift in Sources */,
				7F2EE79E23187CF8007374A6 /* FundInvestmentModel.swift in Sources */,
			);
			runOnlyForDeploymentPostprocessing = 0;
		};
		7F949B3D2314C58F002F0288 /* Sources */ = {
			isa = PBXSourcesBuildPhase;
			buildActionMask = 2147483647;
			files = (
				7F949B462314C58F002F0288 /* OramaTests.swift in Sources */,
			);
			runOnlyForDeploymentPostprocessing = 0;
		};
		7F949B482314C58F002F0288 /* Sources */ = {
			isa = PBXSourcesBuildPhase;
			buildActionMask = 2147483647;
			files = (
				7F949B512314C58F002F0288 /* OramaUITests.swift in Sources */,
			);
			runOnlyForDeploymentPostprocessing = 0;
		};
/* End PBXSourcesBuildPhase section */

/* Begin PBXTargetDependency section */
		7F949B432314C58F002F0288 /* PBXTargetDependency */ = {
			isa = PBXTargetDependency;
			target = 7F949B292314C58E002F0288 /* Orama */;
			targetProxy = 7F949B422314C58F002F0288 /* PBXContainerItemProxy */;
		};
		7F949B4E2314C58F002F0288 /* PBXTargetDependency */ = {
			isa = PBXTargetDependency;
			target = 7F949B292314C58E002F0288 /* Orama */;
			targetProxy = 7F949B4D2314C58F002F0288 /* PBXContainerItemProxy */;
		};
/* End PBXTargetDependency section */

/* Begin PBXVariantGroup section */
		7F949B392314C58F002F0288 /* LaunchScreen.storyboard */ = {
			isa = PBXVariantGroup;
			children = (
				7F949B3A2314C58F002F0288 /* Base */,
			);
			name = LaunchScreen.storyboard;
			sourceTree = "<group>";
		};
/* End PBXVariantGroup section */

/* Begin XCBuildConfiguration section */
		7F949B532314C58F002F0288 /* Debug */ = {
			isa = XCBuildConfiguration;
			buildSettings = {
				ALWAYS_SEARCH_USER_PATHS = NO;
				CLANG_ANALYZER_NONNULL = YES;
				CLANG_ANALYZER_NUMBER_OBJECT_CONVERSION = YES_AGGRESSIVE;
				CLANG_CXX_LANGUAGE_STANDARD = "gnu++14";
				CLANG_CXX_LIBRARY = "libc++";
				CLANG_ENABLE_MODULES = YES;
				CLANG_ENABLE_OBJC_ARC = YES;
				CLANG_ENABLE_OBJC_WEAK = YES;
				CLANG_WARN_BLOCK_CAPTURE_AUTORELEASING = YES;
				CLANG_WARN_BOOL_CONVERSION = YES;
				CLANG_WARN_COMMA = YES;
				CLANG_WARN_CONSTANT_CONVERSION = YES;
				CLANG_WARN_DEPRECATED_OBJC_IMPLEMENTATIONS = YES;
				CLANG_WARN_DIRECT_OBJC_ISA_USAGE = YES_ERROR;
				CLANG_WARN_DOCUMENTATION_COMMENTS = YES;
				CLANG_WARN_EMPTY_BODY = YES;
				CLANG_WARN_ENUM_CONVERSION = YES;
				CLANG_WARN_INFINITE_RECURSION = YES;
				CLANG_WARN_INT_CONVERSION = YES;
				CLANG_WARN_NON_LITERAL_NULL_CONVERSION = YES;
				CLANG_WARN_OBJC_IMPLICIT_RETAIN_SELF = YES;
				CLANG_WARN_OBJC_LITERAL_CONVERSION = YES;
				CLANG_WARN_OBJC_ROOT_CLASS = YES_ERROR;
				CLANG_WARN_RANGE_LOOP_ANALYSIS = YES;
				CLANG_WARN_STRICT_PROTOTYPES = YES;
				CLANG_WARN_SUSPICIOUS_MOVE = YES;
				CLANG_WARN_UNGUARDED_AVAILABILITY = YES_AGGRESSIVE;
				CLANG_WARN_UNREACHABLE_CODE = YES;
				CLANG_WARN__DUPLICATE_METHOD_MATCH = YES;
				CODE_SIGN_IDENTITY = "iPhone Developer";
				COPY_PHASE_STRIP = NO;
				DEBUG_INFORMATION_FORMAT = dwarf;
				ENABLE_STRICT_OBJC_MSGSEND = YES;
				ENABLE_TESTABILITY = YES;
				GCC_C_LANGUAGE_STANDARD = gnu11;
				GCC_DYNAMIC_NO_PIC = NO;
				GCC_NO_COMMON_BLOCKS = YES;
				GCC_OPTIMIZATION_LEVEL = 0;
				GCC_PREPROCESSOR_DEFINITIONS = (
					"DEBUG=1",
					"$(inherited)",
				);
				GCC_WARN_64_TO_32_BIT_CONVERSION = YES;
				GCC_WARN_ABOUT_RETURN_TYPE = YES_ERROR;
				GCC_WARN_UNDECLARED_SELECTOR = YES;
				GCC_WARN_UNINITIALIZED_AUTOS = YES_AGGRESSIVE;
				GCC_WARN_UNUSED_FUNCTION = YES;
				GCC_WARN_UNUSED_VARIABLE = YES;
				IPHONEOS_DEPLOYMENT_TARGET = 10.0;
				MTL_ENABLE_DEBUG_INFO = INCLUDE_SOURCE;
				MTL_FAST_MATH = YES;
				ONLY_ACTIVE_ARCH = YES;
				SDKROOT = iphoneos;
				SWIFT_ACTIVE_COMPILATION_CONDITIONS = DEBUG;
				SWIFT_OPTIMIZATION_LEVEL = "-Onone";
			};
			name = Debug;
		};
		7F949B542314C58F002F0288 /* Release */ = {
			isa = XCBuildConfiguration;
			buildSettings = {
				ALWAYS_SEARCH_USER_PATHS = NO;
				CLANG_ANALYZER_NONNULL = YES;
				CLANG_ANALYZER_NUMBER_OBJECT_CONVERSION = YES_AGGRESSIVE;
				CLANG_CXX_LANGUAGE_STANDARD = "gnu++14";
				CLANG_CXX_LIBRARY = "libc++";
				CLANG_ENABLE_MODULES = YES;
				CLANG_ENABLE_OBJC_ARC = YES;
				CLANG_ENABLE_OBJC_WEAK = YES;
				CLANG_WARN_BLOCK_CAPTURE_AUTORELEASING = YES;
				CLANG_WARN_BOOL_CONVERSION = YES;
				CLANG_WARN_COMMA = YES;
				CLANG_WARN_CONSTANT_CONVERSION = YES;
				CLANG_WARN_DEPRECATED_OBJC_IMPLEMENTATIONS = YES;
				CLANG_WARN_DIRECT_OBJC_ISA_USAGE = YES_ERROR;
				CLANG_WARN_DOCUMENTATION_COMMENTS = YES;
				CLANG_WARN_EMPTY_BODY = YES;
				CLANG_WARN_ENUM_CONVERSION = YES;
				CLANG_WARN_INFINITE_RECURSION = YES;
				CLANG_WARN_INT_CONVERSION = YES;
				CLANG_WARN_NON_LITERAL_NULL_CONVERSION = YES;
				CLANG_WARN_OBJC_IMPLICIT_RETAIN_SELF = YES;
				CLANG_WARN_OBJC_LITERAL_CONVERSION = YES;
				CLANG_WARN_OBJC_ROOT_CLASS = YES_ERROR;
				CLANG_WARN_RANGE_LOOP_ANALYSIS = YES;
				CLANG_WARN_STRICT_PROTOTYPES = YES;
				CLANG_WARN_SUSPICIOUS_MOVE = YES;
				CLANG_WARN_UNGUARDED_AVAILABILITY = YES_AGGRESSIVE;
				CLANG_WARN_UNREACHABLE_CODE = YES;
				CLANG_WARN__DUPLICATE_METHOD_MATCH = YES;
				CODE_SIGN_IDENTITY = "iPhone Developer";
				COPY_PHASE_STRIP = NO;
				DEBUG_INFORMATION_FORMAT = "dwarf-with-dsym";
				ENABLE_NS_ASSERTIONS = NO;
				ENABLE_STRICT_OBJC_MSGSEND = YES;
				GCC_C_LANGUAGE_STANDARD = gnu11;
				GCC_NO_COMMON_BLOCKS = YES;
				GCC_WARN_64_TO_32_BIT_CONVERSION = YES;
				GCC_WARN_ABOUT_RETURN_TYPE = YES_ERROR;
				GCC_WARN_UNDECLARED_SELECTOR = YES;
				GCC_WARN_UNINITIALIZED_AUTOS = YES_AGGRESSIVE;
				GCC_WARN_UNUSED_FUNCTION = YES;
				GCC_WARN_UNUSED_VARIABLE = YES;
				IPHONEOS_DEPLOYMENT_TARGET = 10.0;
				MTL_ENABLE_DEBUG_INFO = NO;
				MTL_FAST_MATH = YES;
				SDKROOT = iphoneos;
				SWIFT_COMPILATION_MODE = wholemodule;
				SWIFT_OPTIMIZATION_LEVEL = "-O";
				VALIDATE_PRODUCT = YES;
			};
			name = Release;
		};
		7F949B562314C58F002F0288 /* Debug */ = {
			isa = XCBuildConfiguration;
			baseConfigurationReference = A3A3C62075431053B2B193C6 /* Pods-Orama.debug.xcconfig */;
			buildSettings = {
				ASSETCATALOG_COMPILER_APPICON_NAME = AppIcon;
				CODE_SIGN_STYLE = Automatic;
				INFOPLIST_FILE = Orama/Info.plist;
				IPHONEOS_DEPLOYMENT_TARGET = 10.0;
				LD_RUNPATH_SEARCH_PATHS = (
					"$(inherited)",
					"@executable_path/Frameworks",
				);
				PRODUCT_BUNDLE_IDENTIFIER = com.gustavocosenza.Orama;
				PRODUCT_NAME = "$(TARGET_NAME)";
				SWIFT_VERSION = 5.0;
				TARGETED_DEVICE_FAMILY = 1;
			};
			name = Debug;
		};
		7F949B572314C58F002F0288 /* Release */ = {
			isa = XCBuildConfiguration;
			baseConfigurationReference = 5A925EEC5359216E890557BE /* Pods-Orama.release.xcconfig */;
			buildSettings = {
				ASSETCATALOG_COMPILER_APPICON_NAME = AppIcon;
				CODE_SIGN_STYLE = Automatic;
				INFOPLIST_FILE = Orama/Info.plist;
				IPHONEOS_DEPLOYMENT_TARGET = 10.0;
				LD_RUNPATH_SEARCH_PATHS = (
					"$(inherited)",
					"@executable_path/Frameworks",
				);
				PRODUCT_BUNDLE_IDENTIFIER = com.gustavocosenza.Orama;
				PRODUCT_NAME = "$(TARGET_NAME)";
				SWIFT_VERSION = 5.0;
				TARGETED_DEVICE_FAMILY = 1;
			};
			name = Release;
		};
		7F949B592314C58F002F0288 /* Debug */ = {
			isa = XCBuildConfiguration;
			baseConfigurationReference = F6D489209424954D86F60F2C /* Pods-OramaTests.debug.xcconfig */;
			buildSettings = {
				ALWAYS_EMBED_SWIFT_STANDARD_LIBRARIES = YES;
				BUNDLE_LOADER = "$(TEST_HOST)";
				CODE_SIGN_STYLE = Automatic;
				INFOPLIST_FILE = OramaTests/Info.plist;
				LD_RUNPATH_SEARCH_PATHS = (
					"$(inherited)",
					"@executable_path/Frameworks",
					"@loader_path/Frameworks",
				);
				PRODUCT_BUNDLE_IDENTIFIER = com.gustavocosenza.OramaTests;
				PRODUCT_NAME = "$(TARGET_NAME)";
				SWIFT_VERSION = 5.0;
				TARGETED_DEVICE_FAMILY = "1,2";
				TEST_HOST = "$(BUILT_PRODUCTS_DIR)/Orama.app/Orama";
			};
			name = Debug;
		};
		7F949B5A2314C58F002F0288 /* Release */ = {
			isa = XCBuildConfiguration;
			baseConfigurationReference = F1AFA70267441F5B879865F1 /* Pods-OramaTests.release.xcconfig */;
			buildSettings = {
				ALWAYS_EMBED_SWIFT_STANDARD_LIBRARIES = YES;
				BUNDLE_LOADER = "$(TEST_HOST)";
				CODE_SIGN_STYLE = Automatic;
				INFOPLIST_FILE = OramaTests/Info.plist;
				LD_RUNPATH_SEARCH_PATHS = (
					"$(inherited)",
					"@executable_path/Frameworks",
					"@loader_path/Frameworks",
				);
				PRODUCT_BUNDLE_IDENTIFIER = com.gustavocosenza.OramaTests;
				PRODUCT_NAME = "$(TARGET_NAME)";
				SWIFT_VERSION = 5.0;
				TARGETED_DEVICE_FAMILY = "1,2";
				TEST_HOST = "$(BUILT_PRODUCTS_DIR)/Orama.app/Orama";
			};
			name = Release;
		};
		7F949B5C2314C58F002F0288 /* Debug */ = {
			isa = XCBuildConfiguration;
			baseConfigurationReference = 3400E7EF19EE59216E1EDF77 /* Pods-OramaUITests.debug.xcconfig */;
			buildSettings = {
				ALWAYS_EMBED_SWIFT_STANDARD_LIBRARIES = YES;
				CODE_SIGN_STYLE = Automatic;
				INFOPLIST_FILE = OramaUITests/Info.plist;
				LD_RUNPATH_SEARCH_PATHS = (
					"$(inherited)",
					"@executable_path/Frameworks",
					"@loader_path/Frameworks",
				);
				PRODUCT_BUNDLE_IDENTIFIER = com.gustavocosenza.OramaUITests;
				PRODUCT_NAME = "$(TARGET_NAME)";
				SWIFT_VERSION = 5.0;
				TARGETED_DEVICE_FAMILY = "1,2";
				TEST_TARGET_NAME = Orama;
			};
			name = Debug;
		};
		7F949B5D2314C58F002F0288 /* Release */ = {
			isa = XCBuildConfiguration;
			baseConfigurationReference = 93A89E534AC078690A7F0591 /* Pods-OramaUITests.release.xcconfig */;
			buildSettings = {
				ALWAYS_EMBED_SWIFT_STANDARD_LIBRARIES = YES;
				CODE_SIGN_STYLE = Automatic;
				INFOPLIST_FILE = OramaUITests/Info.plist;
				LD_RUNPATH_SEARCH_PATHS = (
					"$(inherited)",
					"@executable_path/Frameworks",
					"@loader_path/Frameworks",
				);
				PRODUCT_BUNDLE_IDENTIFIER = com.gustavocosenza.OramaUITests;
				PRODUCT_NAME = "$(TARGET_NAME)";
				SWIFT_VERSION = 5.0;
				TARGETED_DEVICE_FAMILY = "1,2";
				TEST_TARGET_NAME = Orama;
			};
			name = Release;
		};
/* End XCBuildConfiguration section */

/* Begin XCConfigurationList section */
		7F949B252314C58E002F0288 /* Build configuration list for PBXProject "Orama" */ = {
			isa = XCConfigurationList;
			buildConfigurations = (
				7F949B532314C58F002F0288 /* Debug */,
				7F949B542314C58F002F0288 /* Release */,
			);
			defaultConfigurationIsVisible = 0;
			defaultConfigurationName = Release;
		};
		7F949B552314C58F002F0288 /* Build configuration list for PBXNativeTarget "Orama" */ = {
			isa = XCConfigurationList;
			buildConfigurations = (
				7F949B562314C58F002F0288 /* Debug */,
				7F949B572314C58F002F0288 /* Release */,
			);
			defaultConfigurationIsVisible = 0;
			defaultConfigurationName = Release;
		};
		7F949B582314C58F002F0288 /* Build configuration list for PBXNativeTarget "OramaTests" */ = {
			isa = XCConfigurationList;
			buildConfigurations = (
				7F949B592314C58F002F0288 /* Debug */,
				7F949B5A2314C58F002F0288 /* Release */,
			);
			defaultConfigurationIsVisible = 0;
			defaultConfigurationName = Release;
		};
		7F949B5B2314C58F002F0288 /* Build configuration list for PBXNativeTarget "OramaUITests" */ = {
			isa = XCConfigurationList;
			buildConfigurations = (
				7F949B5C2314C58F002F0288 /* Debug */,
				7F949B5D2314C58F002F0288 /* Release */,
			);
			defaultConfigurationIsVisible = 0;
			defaultConfigurationName = Release;
		};
/* End XCConfigurationList section */
	};
	rootObject = 7F949B222314C58E002F0288 /* Project object */;
}
